// !$*UTF8*$!
{
	archiveVersion = 1;
	classes = {
	};
	objectVersion = 56;
	objects = {

/* Begin PBXBuildFile section */
		07A5D11B29F5C360006EA009 /* Bank_VaultApp.swift in Sources */ = {isa = PBXBuildFile; fileRef = 07A5D11A29F5C360006EA009 /* Bank_VaultApp.swift */; };
		07A5D11D29F5C360006EA009 /* ContentView.swift in Sources */ = {isa = PBXBuildFile; fileRef = 07A5D11C29F5C360006EA009 /* ContentView.swift */; };
		07A5D11F29F5C362006EA009 /* Assets.xcassets in Resources */ = {isa = PBXBuildFile; fileRef = 07A5D11E29F5C362006EA009 /* Assets.xcassets */; };
		07A5D12229F5C362006EA009 /* Preview Assets.xcassets in Resources */ = {isa = PBXBuildFile; fileRef = 07A5D12129F5C362006EA009 /* Preview Assets.xcassets */; };
		07A5D12929F5C39A006EA009 /* ContentViewModel.swift in Sources */ = {isa = PBXBuildFile; fileRef = 07A5D12829F5C39A006EA009 /* ContentViewModel.swift */; };
		07A5D12B29F5C696006EA009 /* VaultM.swift in Sources */ = {isa = PBXBuildFile; fileRef = 07A5D12A29F5C696006EA009 /* VaultM.swift */; };
		07A5D12D29F5CFB1006EA009 /* UserLoginM.swift in Sources */ = {isa = PBXBuildFile; fileRef = 07A5D12C29F5CFB1006EA009 /* UserLoginM.swift */; };
		07B73D1729F642C800458BB0 /* UserLoginV.swift in Sources */ = {isa = PBXBuildFile; fileRef = 07B73D1629F642C800458BB0 /* UserLoginV.swift */; };
		07B73D1A29F647CE00458BB0 /* UserLoginVM.swift in Sources */ = {isa = PBXBuildFile; fileRef = 07B73D1929F647CE00458BB0 /* UserLoginVM.swift */; };
/* End PBXBuildFile section */

/* Begin PBXFileReference section */
		07A5D11729F5C360006EA009 /* Bank Vault.app */ = {isa = PBXFileReference; explicitFileType = wrapper.application; includeInIndex = 0; path = "Bank Vault.app"; sourceTree = BUILT_PRODUCTS_DIR; };
		07A5D11A29F5C360006EA009 /* Bank_VaultApp.swift */ = {isa = PBXFileReference; lastKnownFileType = sourcecode.swift; path = Bank_VaultApp.swift; sourceTree = "<group>"; };
		07A5D11C29F5C360006EA009 /* ContentView.swift */ = {isa = PBXFileReference; lastKnownFileType = sourcecode.swift; path = ContentView.swift; sourceTree = "<group>"; };
		07A5D11E29F5C362006EA009 /* Assets.xcassets */ = {isa = PBXFileReference; lastKnownFileType = folder.assetcatalog; path = Assets.xcassets; sourceTree = "<group>"; };
		07A5D12129F5C362006EA009 /* Preview Assets.xcassets */ = {isa = PBXFileReference; lastKnownFileType = folder.assetcatalog; path = "Preview Assets.xcassets"; sourceTree = "<group>"; };
		07A5D12829F5C39A006EA009 /* ContentViewModel.swift */ = {isa = PBXFileReference; lastKnownFileType = sourcecode.swift; path = ContentViewModel.swift; sourceTree = "<group>"; };
		07A5D12A29F5C696006EA009 /* VaultM.swift */ = {isa = PBXFileReference; lastKnownFileType = sourcecode.swift; path = VaultM.swift; sourceTree = "<group>"; };
		07A5D12C29F5CFB1006EA009 /* UserLoginM.swift */ = {isa = PBXFileReference; lastKnownFileType = sourcecode.swift; path = UserLoginM.swift; sourceTree = "<group>"; };
		07B73D1629F642C800458BB0 /* UserLoginV.swift */ = {isa = PBXFileReference; lastKnownFileType = sourcecode.swift; path = UserLoginV.swift; sourceTree = "<group>"; };
		07B73D1829F643C100458BB0 /* Bank Vault.entitlements */ = {isa = PBXFileReference; lastKnownFileType = text.plist.entitlements; path = "Bank Vault.entitlements"; sourceTree = "<group>"; };
		07B73D1929F647CE00458BB0 /* UserLoginVM.swift */ = {isa = PBXFileReference; lastKnownFileType = sourcecode.swift; path = UserLoginVM.swift; sourceTree = "<group>"; };
/* End PBXFileReference section */

/* Begin PBXFrameworksBuildPhase section */
		07A5D11429F5C360006EA009 /* Frameworks */ = {
			isa = PBXFrameworksBuildPhase;
			buildActionMask = 2147483647;
			files = (
			);
			runOnlyForDeploymentPostprocessing = 0;
		};
/* End PBXFrameworksBuildPhase section */

/* Begin PBXGroup section */
		07A5D10E29F5C360006EA009 = {
			isa = PBXGroup;
			children = (
				07A5D11929F5C360006EA009 /* Bank Vault */,
				07A5D11829F5C360006EA009 /* Products */,
			);
			sourceTree = "<group>";
		};
		07A5D11829F5C360006EA009 /* Products */ = {
			isa = PBXGroup;
			children = (
				07A5D11729F5C360006EA009 /* Bank Vault.app */,
			);
			name = Products;
			sourceTree = "<group>";
		};
		07A5D11929F5C360006EA009 /* Bank Vault */ = {
			isa = PBXGroup;
			children = (
				07B73D1829F643C100458BB0 /* Bank Vault.entitlements */,
				07A5D11A29F5C360006EA009 /* Bank_VaultApp.swift */,
				07A5D11C29F5C360006EA009 /* ContentView.swift */,
				07A5D12829F5C39A006EA009 /* ContentViewModel.swift */,
				07A5D12E29F5D014006EA009 /* Views and Logic */,
				07A5D13029F5D03E006EA009 /* Models */,
				07A5D11E29F5C362006EA009 /* Assets.xcassets */,
				07A5D12029F5C362006EA009 /* Preview Content */,
			);
			path = "Bank Vault";
			sourceTree = "<group>";
		};
		07A5D12029F5C362006EA009 /* Preview Content */ = {
			isa = PBXGroup;
			children = (
				07A5D12129F5C362006EA009 /* Preview Assets.xcassets */,
			);
			path = "Preview Content";
			sourceTree = "<group>";
		};
		07A5D12E29F5D014006EA009 /* Views and Logic */ = {
			isa = PBXGroup;
			children = (
				07B73D1529F642B800458BB0 /* User Login */,
			);
			path = "Views and Logic";
			sourceTree = "<group>";
		};
		07A5D13029F5D03E006EA009 /* Models */ = {
			isa = PBXGroup;
			children = (
				07A5D12C29F5CFB1006EA009 /* UserLoginM.swift */,
				07A5D12A29F5C696006EA009 /* VaultM.swift */,
			);
			path = Models;
			sourceTree = "<group>";
		};
		07B73D1529F642B800458BB0 /* User Login */ = {
			isa = PBXGroup;
			children = (
				07B73D1629F642C800458BB0 /* UserLoginV.swift */,
				07B73D1929F647CE00458BB0 /* UserLoginVM.swift */,
			);
			path = "User Login";
			sourceTree = "<group>";
		};
/* End PBXGroup section */

/* Begin PBXNativeTarget section */
		07A5D11629F5C360006EA009 /* Bank Vault */ = {
			isa = PBXNativeTarget;
			buildConfigurationList = 07A5D12529F5C362006EA009 /* Build configuration list for PBXNativeTarget "Bank Vault" */;
			buildPhases = (
				07A5D11329F5C360006EA009 /* Sources */,
				07A5D11429F5C360006EA009 /* Frameworks */,
				07A5D11529F5C360006EA009 /* Resources */,
			);
			buildRules = (
			);
			dependencies = (
			);
			name = "Bank Vault";
			productName = "Bank Vault";
			productReference = 07A5D11729F5C360006EA009 /* Bank Vault.app */;
			productType = "com.apple.product-type.application";
		};
/* End PBXNativeTarget section */

/* Begin PBXProject section */
		07A5D10F29F5C360006EA009 /* Project object */ = {
			isa = PBXProject;
			attributes = {
				BuildIndependentTargetsInParallel = 1;
				LastSwiftUpdateCheck = 1430;
				LastUpgradeCheck = 1430;
				TargetAttributes = {
					07A5D11629F5C360006EA009 = {
						CreatedOnToolsVersion = 14.3;
					};
				};
			};
			buildConfigurationList = 07A5D11229F5C360006EA009 /* Build configuration list for PBXProject "Bank Vault" */;
			compatibilityVersion = "Xcode 14.0";
			developmentRegion = en;
			hasScannedForEncodings = 0;
			knownRegions = (
				en,
				Base,
			);
			mainGroup = 07A5D10E29F5C360006EA009;
			productRefGroup = 07A5D11829F5C360006EA009 /* Products */;
			projectDirPath = "";
			projectRoot = "";
			targets = (
				07A5D11629F5C360006EA009 /* Bank Vault */,
			);
		};
/* End PBXProject section */

/* Begin PBXResourcesBuildPhase section */
		07A5D11529F5C360006EA009 /* Resources */ = {
			isa = PBXResourcesBuildPhase;
			buildActionMask = 2147483647;
			files = (
				07A5D12229F5C362006EA009 /* Preview Assets.xcassets in Resources */,
				07A5D11F29F5C362006EA009 /* Assets.xcassets in Resources */,
			);
			runOnlyForDeploymentPostprocessing = 0;
		};
/* End PBXResourcesBuildPhase section */

/* Begin PBXSourcesBuildPhase section */
		07A5D11329F5C360006EA009 /* Sources */ = {
			isa = PBXSourcesBuildPhase;
			buildActionMask = 2147483647;
			files = (
				07A5D12B29F5C696006EA009 /* VaultM.swift in Sources */,
				07B73D1A29F647CE00458BB0 /* UserLoginVM.swift in Sources */,
				07A5D11D29F5C360006EA009 /* ContentView.swift in Sources */,
				07A5D11B29F5C360006EA009 /* Bank_VaultApp.swift in Sources */,
				07B73D1729F642C800458BB0 /* UserLoginV.swift in Sources */,
				07A5D12929F5C39A006EA009 /* ContentViewModel.swift in Sources */,
				07A5D12D29F5CFB1006EA009 /* UserLoginM.swift in Sources */,
			);
			runOnlyForDeploymentPostprocessing = 0;
		};
/* End PBXSourcesBuildPhase section */

/* Begin XCBuildConfiguration section */
		07A5D12329F5C362006EA009 /* Debug */ = {
			isa = XCBuildConfiguration;
			buildSettings = {
				ALWAYS_SEARCH_USER_PATHS = NO;
				CLANG_ANALYZER_NONNULL = YES;
				CLANG_ANALYZER_NUMBER_OBJECT_CONVERSION = YES_AGGRESSIVE;
				CLANG_CXX_LANGUAGE_STANDARD = "gnu++20";
				CLANG_ENABLE_MODULES = YES;
				CLANG_ENABLE_OBJC_ARC = YES;
				CLANG_ENABLE_OBJC_WEAK = YES;
				CLANG_WARN_BLOCK_CAPTURE_AUTORELEASING = YES;
				CLANG_WARN_BOOL_CONVERSION = YES;
				CLANG_WARN_COMMA = YES;
				CLANG_WARN_CONSTANT_CONVERSION = YES;
				CLANG_WARN_DEPRECATED_OBJC_IMPLEMENTATIONS = YES;
				CLANG_WARN_DIRECT_OBJC_ISA_USAGE = YES_ERROR;
				CLANG_WARN_DOCUMENTATION_COMMENTS = YES;
				CLANG_WARN_EMPTY_BODY = YES;
				CLANG_WARN_ENUM_CONVERSION = YES;
				CLANG_WARN_INFINITE_RECURSION = YES;
				CLANG_WARN_INT_CONVERSION = YES;
				CLANG_WARN_NON_LITERAL_NULL_CONVERSION = YES;
				CLANG_WARN_OBJC_IMPLICIT_RETAIN_SELF = YES;
				CLANG_WARN_OBJC_LITERAL_CONVERSION = YES;
				CLANG_WARN_OBJC_ROOT_CLASS = YES_ERROR;
				CLANG_WARN_QUOTED_INCLUDE_IN_FRAMEWORK_HEADER = YES;
				CLANG_WARN_RANGE_LOOP_ANALYSIS = YES;
				CLANG_WARN_STRICT_PROTOTYPES = YES;
				CLANG_WARN_SUSPICIOUS_MOVE = YES;
				CLANG_WARN_UNGUARDED_AVAILABILITY = YES_AGGRESSIVE;
				CLANG_WARN_UNREACHABLE_CODE = YES;
				CLANG_WARN__DUPLICATE_METHOD_MATCH = YES;
				COPY_PHASE_STRIP = NO;
				DEBUG_INFORMATION_FORMAT = dwarf;
				ENABLE_STRICT_OBJC_MSGSEND = YES;
				ENABLE_TESTABILITY = YES;
				GCC_C_LANGUAGE_STANDARD = gnu11;
				GCC_DYNAMIC_NO_PIC = NO;
				GCC_NO_COMMON_BLOCKS = YES;
				GCC_OPTIMIZATION_LEVEL = 0;
				GCC_PREPROCESSOR_DEFINITIONS = (
					"DEBUG=1",
					"$(inherited)",
				);
				GCC_WARN_64_TO_32_BIT_CONVERSION = YES;
				GCC_WARN_ABOUT_RETURN_TYPE = YES_ERROR;
				GCC_WARN_UNDECLARED_SELECTOR = YES;
				GCC_WARN_UNINITIALIZED_AUTOS = YES_AGGRESSIVE;
				GCC_WARN_UNUSED_FUNCTION = YES;
				GCC_WARN_UNUSED_VARIABLE = YES;
				IPHONEOS_DEPLOYMENT_TARGET = 16.0;
				MTL_ENABLE_DEBUG_INFO = INCLUDE_SOURCE;
				MTL_FAST_MATH = YES;
				ONLY_ACTIVE_ARCH = YES;
				SDKROOT = iphoneos;
				SWIFT_ACTIVE_COMPILATION_CONDITIONS = DEBUG;
				SWIFT_OPTIMIZATION_LEVEL = "-Onone";
			};
			name = Debug;
		};
		07A5D12429F5C362006EA009 /* Release */ = {
			isa = XCBuildConfiguration;
			buildSettings = {
				ALWAYS_SEARCH_USER_PATHS = NO;
				CLANG_ANALYZER_NONNULL = YES;
				CLANG_ANALYZER_NUMBER_OBJECT_CONVERSION = YES_AGGRESSIVE;
				CLANG_CXX_LANGUAGE_STANDARD = "gnu++20";
				CLANG_ENABLE_MODULES = YES;
				CLANG_ENABLE_OBJC_ARC = YES;
				CLANG_ENABLE_OBJC_WEAK = YES;
				CLANG_WARN_BLOCK_CAPTURE_AUTORELEASING = YES;
				CLANG_WARN_BOOL_CONVERSION = YES;
				CLANG_WARN_COMMA = YES;
				CLANG_WARN_CONSTANT_CONVERSION = YES;
				CLANG_WARN_DEPRECATED_OBJC_IMPLEMENTATIONS = YES;
				CLANG_WARN_DIRECT_OBJC_ISA_USAGE = YES_ERROR;
				CLANG_WARN_DOCUMENTATION_COMMENTS = YES;
				CLANG_WARN_EMPTY_BODY = YES;
				CLANG_WARN_ENUM_CONVERSION = YES;
				CLANG_WARN_INFINITE_RECURSION = YES;
				CLANG_WARN_INT_CONVERSION = YES;
				CLANG_WARN_NON_LITERAL_NULL_CONVERSION = YES;
				CLANG_WARN_OBJC_IMPLICIT_RETAIN_SELF = YES;
				CLANG_WARN_OBJC_LITERAL_CONVERSION = YES;
				CLANG_WARN_OBJC_ROOT_CLASS = YES_ERROR;
				CLANG_WARN_QUOTED_INCLUDE_IN_FRAMEWORK_HEADER = YES;
				CLANG_WARN_RANGE_LOOP_ANALYSIS = YES;
				CLANG_WARN_STRICT_PROTOTYPES = YES;
				CLANG_WARN_SUSPICIOUS_MOVE = YES;
				CLANG_WARN_UNGUARDED_AVAILABILITY = YES_AGGRESSIVE;
				CLANG_WARN_UNREACHABLE_CODE = YES;
				CLANG_WARN__DUPLICATE_METHOD_MATCH = YES;
				COPY_PHASE_STRIP = NO;
				DEBUG_INFORMATION_FORMAT = "dwarf-with-dsym";
				ENABLE_NS_ASSERTIONS = NO;
				ENABLE_STRICT_OBJC_MSGSEND = YES;
				GCC_C_LANGUAGE_STANDARD = gnu11;
				GCC_NO_COMMON_BLOCKS = YES;
				GCC_WARN_64_TO_32_BIT_CONVERSION = YES;
				GCC_WARN_ABOUT_RETURN_TYPE = YES_ERROR;
				GCC_WARN_UNDECLARED_SELECTOR = YES;
				GCC_WARN_UNINITIALIZED_AUTOS = YES_AGGRESSIVE;
				GCC_WARN_UNUSED_FUNCTION = YES;
				GCC_WARN_UNUSED_VARIABLE = YES;
				IPHONEOS_DEPLOYMENT_TARGET = 16.0;
				MTL_ENABLE_DEBUG_INFO = NO;
				MTL_FAST_MATH = YES;
				SDKROOT = iphoneos;
				SWIFT_COMPILATION_MODE = wholemodule;
				SWIFT_OPTIMIZATION_LEVEL = "-O";
				VALIDATE_PRODUCT = YES;
			};
			name = Release;
		};
		07A5D12629F5C362006EA009 /* Debug */ = {
			isa = XCBuildConfiguration;
			buildSettings = {
				ASSETCATALOG_COMPILER_APPICON_NAME = AppIcon;
				ASSETCATALOG_COMPILER_GLOBAL_ACCENT_COLOR_NAME = AccentColor;
				CODE_SIGN_ENTITLEMENTS = "Bank Vault/Bank Vault.entitlements";
				CODE_SIGN_STYLE = Automatic;
				CURRENT_PROJECT_VERSION = 1;
				DEVELOPMENT_ASSET_PATHS = "\"Bank Vault/Preview Content\"";
				DEVELOPMENT_TEAM = 68A766T4GX;
				ENABLE_PREVIEWS = YES;
				GENERATE_INFOPLIST_FILE = YES;
				INFOPLIST_KEY_UIApplicationSceneManifest_Generation = YES;
				INFOPLIST_KEY_UIApplicationSupportsIndirectInputEvents = YES;
				INFOPLIST_KEY_UILaunchScreen_Generation = YES;
				INFOPLIST_KEY_UISupportedInterfaceOrientations_iPad = "UIInterfaceOrientationPortrait UIInterfaceOrientationPortraitUpsideDown UIInterfaceOrientationLandscapeLeft UIInterfaceOrientationLandscapeRight";
				INFOPLIST_KEY_UISupportedInterfaceOrientations_iPhone = "UIInterfaceOrientationPortrait UIInterfaceOrientationLandscapeLeft UIInterfaceOrientationLandscapeRight";
				LD_RUNPATH_SEARCH_PATHS = (
					"$(inherited)",
					"@executable_path/Frameworks",
				);
				MARKETING_VERSION = 1.0;
				PRODUCT_BUNDLE_IDENTIFIER = "com.BR.Champ.Bank-Vault";
				PRODUCT_NAME = "$(TARGET_NAME)";
				SWIFT_EMIT_LOC_STRINGS = YES;
				SWIFT_VERSION = 5.0;
				TARGETED_DEVICE_FAMILY = "1,2";
			};
			name = Debug;
		};
		07A5D12729F5C362006EA009 /* Release */ = {
			isa = XCBuildConfiguration;
			buildSettings = {
				ASSETCATALOG_COMPILER_APPICON_NAME = AppIcon;
				ASSETCATALOG_COMPILER_GLOBAL_ACCENT_COLOR_NAME = AccentColor;
				CODE_SIGN_ENTITLEMENTS = "Bank Vault/Bank Vault.entitlements";
				CODE_SIGN_STYLE = Automatic;
				CURRENT_PROJECT_VERSION = 1;
				DEVELOPMENT_ASSET_PATHS = "\"Bank Vault/Preview Content\"";
				DEVELOPMENT_TEAM = 68A766T4GX;
				ENABLE_PREVIEWS = YES;
				GENERATE_INFOPLIST_FILE = YES;
				INFOPLIST_KEY_UIApplicationSceneManifest_Generation = YES;
				INFOPLIST_KEY_UIApplicationSupportsIndirectInputEvents = YES;
				INFOPLIST_KEY_UILaunchScreen_Generation = YES;
				INFOPLIST_KEY_UISupportedInterfaceOrientations_iPad = "UIInterfaceOrientationPortrait UIInterfaceOrientationPortraitUpsideDown UIInterfaceOrientationLandscapeLeft UIInterfaceOrientationLandscapeRight";
				INFOPLIST_KEY_UISupportedInterfaceOrientations_iPhone = "UIInterfaceOrientationPortrait UIInterfaceOrientationLandscapeLeft UIInterfaceOrientationLandscapeRight";
				LD_RUNPATH_SEARCH_PATHS = (
					"$(inherited)",
					"@executable_path/Frameworks",
				);
				MARKETING_VERSION = 1.0;
				PRODUCT_BUNDLE_IDENTIFIER = "com.BR.Champ.Bank-Vault";
				PRODUCT_NAME = "$(TARGET_NAME)";
				SWIFT_EMIT_LOC_STRINGS = YES;
				SWIFT_VERSION = 5.0;
				TARGETED_DEVICE_FAMILY = "1,2";
			};
			name = Release;
		};
/* End XCBuildConfiguration section */

/* Begin XCConfigurationList section */
		07A5D11229F5C360006EA009 /* Build configuration list for PBXProject "Bank Vault" */ = {
			isa = XCConfigurationList;
			buildConfigurations = (
				07A5D12329F5C362006EA009 /* Debug */,
				07A5D12429F5C362006EA009 /* Release */,
			);
			defaultConfigurationIsVisible = 0;
			defaultConfigurationName = Release;
		};
		07A5D12529F5C362006EA009 /* Build configuration list for PBXNativeTarget "Bank Vault" */ = {
			isa = XCConfigurationList;
			buildConfigurations = (
				07A5D12629F5C362006EA009 /* Debug */,
				07A5D12729F5C362006EA009 /* Release */,
			);
			defaultConfigurationIsVisible = 0;
			defaultConfigurationName = Release;
		};
/* End XCConfigurationList section */
	};
	rootObject = 07A5D10F29F5C360006EA009 /* Project object */;
}
